version: 1
library:
  id: trellis-library
  source: local
  source_path: /ops/projects/personal/ai-coding-toolkit/trellis-library
  manifest_version: 1
  manifest_checksum: e3bfe0668d1729196563ab674528e2491fdd7c46967b5046582fec9acda38df1
  imported_at: '2026-04-02T16:42:29+08:00'
project:
  target_root: /ops/projects/personal/browser_bookmark_cleaner_rchiver
  trellis_root: /ops/projects/personal/browser_bookmark_cleaner_rchiver/.trellis
selection:
  packs:
  - pack.requirements-discovery-foundation
  assets:
  - spec.universal-domains.product-and-requirements.problem-definition
  - spec.universal-domains.product-and-requirements.scope-boundary
  - spec.universal-domains.product-and-requirements.requirement-clarification
  - spec.universal-domains.verification.evidence-requirements
  - spec.universal-domains.product-and-requirements.acceptance-criteria
  - spec.universal-domains.product-and-requirements.prd-documentation
  - spec.universal-domains.product-and-requirements.prd-documentation-customer-facing
  - spec.universal-domains.architecture.system-boundaries
  - spec.universal-domains.product-and-requirements.prd-documentation-developer-facing
  - template.universal-domains.product-and-requirements.acceptance-criteria-template
  - template.universal-domains.product-and-requirements.customer-facing-prd-template
  - template.universal-domains.product-and-requirements.developer-facing-prd-template
  - checklist.universal-domains.product-and-requirements.acceptance-quality-checklist
  - checklist.universal-domains.product-and-requirements.customer-facing-prd-checklist
  - checklist.universal-domains.product-and-requirements.developer-facing-prd-checklist
  - example.universal-domains.product-and-requirements.product-and-requirements-examples
  - spec.scenarios.discovery-and-planning.solution-comparison
  - example.assembled-packs.requirements-discovery-foundation
imports:
- asset_id: spec.universal-domains.product-and-requirements.problem-definition
  type: spec
  source_path: specs/universal-domains/product-and-requirements/problem-definition
  target_path: .trellis/spec/universal-domains/product-and-requirements/problem-definition
  import_mode: directory
  source_version: 1.0.0
  source_checksum: cea2d22befec45440f39c7e7cc5de6cc5446f694f813076ff72e51b7bcbb75f9
  imported_at: '2026-04-02T16:42:29+08:00'
  upstream_sync: follow-upstream
  local_state: clean
  last_local_scan_at: null
  last_local_checksum: cea2d22befec45440f39c7e7cc5de6cc5446f694f813076ff72e51b7bcbb75f9
  last_observed_checksum: cea2d22befec45440f39c7e7cc5de6cc5446f694f813076ff72e51b7bcbb75f9
  last_blocked_at: null
  blocked_count: 0
  contribution:
    eligible: true
    mode: selective
    reviewed: false
    proposed: false
    last_proposed_at: null
  relations:
    depends_on: []
    sync_targets: []
  notes: ''
- asset_id: spec.universal-domains.product-and-requirements.scope-boundary
  type: spec
  source_path: specs/universal-domains/product-and-requirements/scope-boundary
  target_path: .trellis/spec/universal-domains/product-and-requirements/scope-boundary
  import_mode: directory
  source_version: 1.0.0
  source_checksum: 2e0c44a88434671818831c6a68ad6e5d87c9a1c03d606b8affbde6b312212062
  imported_at: '2026-04-02T16:42:29+08:00'
  upstream_sync: follow-upstream
  local_state: clean
  last_local_scan_at: null
  last_local_checksum: 2e0c44a88434671818831c6a68ad6e5d87c9a1c03d606b8affbde6b312212062
  last_observed_checksum: 2e0c44a88434671818831c6a68ad6e5d87c9a1c03d606b8affbde6b312212062
  last_blocked_at: null
  blocked_count: 0
  contribution:
    eligible: true
    mode: selective
    reviewed: false
    proposed: false
    last_proposed_at: null
  relations:
    depends_on:
    - spec.universal-domains.product-and-requirements.problem-definition
    sync_targets: []
  notes: ''
- asset_id: spec.universal-domains.product-and-requirements.requirement-clarification
  type: spec
  source_path: specs/universal-domains/product-and-requirements/requirement-clarification
  target_path: .trellis/spec/universal-domains/product-and-requirements/requirement-clarification
  import_mode: directory
  source_version: 1.0.0
  source_checksum: 04ef1c4ef61912d1e4a0cd4566882fedac2e32dbe729e21d83993c0e979a6489
  imported_at: '2026-04-02T16:42:29+08:00'
  upstream_sync: follow-upstream
  local_state: clean
  last_local_scan_at: null
  last_local_checksum: 04ef1c4ef61912d1e4a0cd4566882fedac2e32dbe729e21d83993c0e979a6489
  last_observed_checksum: 04ef1c4ef61912d1e4a0cd4566882fedac2e32dbe729e21d83993c0e979a6489
  last_blocked_at: null
  blocked_count: 0
  contribution:
    eligible: true
    mode: selective
    reviewed: false
    proposed: false
    last_proposed_at: null
  relations:
    depends_on:
    - spec.universal-domains.product-and-requirements.problem-definition
    sync_targets: []
  notes: ''
- asset_id: spec.universal-domains.verification.evidence-requirements
  type: spec
  source_path: specs/universal-domains/verification/evidence-requirements
  target_path: .trellis/spec/universal-domains/verification/evidence-requirements
  import_mode: directory
  source_version: 1.0.0
  source_checksum: 29b391bc3e554acb711a982a95999117e266c827ada1e78419b40edcf4f909bc
  imported_at: '2026-04-02T16:42:29+08:00'
  upstream_sync: follow-upstream
  local_state: clean
  last_local_scan_at: null
  last_local_checksum: 29b391bc3e554acb711a982a95999117e266c827ada1e78419b40edcf4f909bc
  last_observed_checksum: 29b391bc3e554acb711a982a95999117e266c827ada1e78419b40edcf4f909bc
  last_blocked_at: null
  blocked_count: 0
  contribution:
    eligible: true
    mode: selective
    reviewed: false
    proposed: false
    last_proposed_at: null
  relations:
    depends_on: []
    sync_targets: []
  notes: ''
- asset_id: spec.universal-domains.product-and-requirements.acceptance-criteria
  type: spec
  source_path: specs/universal-domains/product-and-requirements/acceptance-criteria
  target_path: .trellis/spec/universal-domains/product-and-requirements/acceptance-criteria
  import_mode: directory
  source_version: 1.0.0
  source_checksum: 93c08a98f518269faee6f4cdc5776e79b4e0fd30c257f2aecc6de81c5e12ed77
  imported_at: '2026-04-02T16:42:29+08:00'
  upstream_sync: follow-upstream
  local_state: clean
  last_local_scan_at: null
  last_local_checksum: 93c08a98f518269faee6f4cdc5776e79b4e0fd30c257f2aecc6de81c5e12ed77
  last_observed_checksum: 93c08a98f518269faee6f4cdc5776e79b4e0fd30c257f2aecc6de81c5e12ed77
  last_blocked_at: null
  blocked_count: 0
  contribution:
    eligible: true
    mode: selective
    reviewed: false
    proposed: false
    last_proposed_at: null
  relations:
    depends_on:
    - spec.universal-domains.product-and-requirements.scope-boundary
    - spec.universal-domains.verification.evidence-requirements
    sync_targets: []
  notes: ''
- asset_id: spec.universal-domains.product-and-requirements.prd-documentation
  type: spec
  source_path: specs/universal-domains/product-and-requirements/prd-documentation
  target_path: .trellis/spec/universal-domains/product-and-requirements/prd-documentation
  import_mode: directory
  source_version: 1.0.0
  source_checksum: 44c7c1a819f4e1a67386d84e1b0573b4de23eb0e751adc001032024dd3638d00
  imported_at: '2026-04-02T16:42:29+08:00'
  upstream_sync: follow-upstream
  local_state: clean
  last_local_scan_at: null
  last_local_checksum: 44c7c1a819f4e1a67386d84e1b0573b4de23eb0e751adc001032024dd3638d00
  last_observed_checksum: 44c7c1a819f4e1a67386d84e1b0573b4de23eb0e751adc001032024dd3638d00
  last_blocked_at: null
  blocked_count: 0
  contribution:
    eligible: true
    mode: selective
    reviewed: false
    proposed: false
    last_proposed_at: null
  relations:
    depends_on:
    - spec.universal-domains.product-and-requirements.problem-definition
    - spec.universal-domains.product-and-requirements.scope-boundary
    - spec.universal-domains.product-and-requirements.acceptance-criteria
    sync_targets: []
  notes: ''
- asset_id: spec.universal-domains.product-and-requirements.prd-documentation-customer-facing
  type: spec
  source_path: specs/universal-domains/product-and-requirements/prd-documentation-customer-facing
  target_path: .trellis/spec/universal-domains/product-and-requirements/prd-documentation-customer-facing
  import_mode: directory
  source_version: 1.1.0
  source_checksum: 8073225a13581254228e60455fea0dc700ca46f3bf472274864d4ef8e6a6d9a9
  imported_at: '2026-04-02T16:42:29+08:00'
  upstream_sync: follow-upstream
  local_state: clean
  last_local_scan_at: null
  last_local_checksum: 8073225a13581254228e60455fea0dc700ca46f3bf472274864d4ef8e6a6d9a9
  last_observed_checksum: 8073225a13581254228e60455fea0dc700ca46f3bf472274864d4ef8e6a6d9a9
  last_blocked_at: null
  blocked_count: 0
  contribution:
    eligible: true
    mode: selective
    reviewed: false
    proposed: false
    last_proposed_at: null
  relations:
    depends_on:
    - spec.universal-domains.product-and-requirements.prd-documentation
    - spec.universal-domains.product-and-requirements.problem-definition
    - spec.universal-domains.product-and-requirements.requirement-clarification
    sync_targets: []
  notes: ''
- asset_id: spec.universal-domains.architecture.system-boundaries
  type: spec
  source_path: specs/universal-domains/architecture/system-boundaries
  target_path: .trellis/spec/universal-domains/architecture/system-boundaries
  import_mode: directory
  source_version: 1.0.0
  source_checksum: c329b31b648e6f34621abc5cb53137a249e0bf9ce78ae47671455261475e94e5
  imported_at: '2026-04-02T16:42:29+08:00'
  upstream_sync: follow-upstream
  local_state: clean
  last_local_scan_at: null
  last_local_checksum: c329b31b648e6f34621abc5cb53137a249e0bf9ce78ae47671455261475e94e5
  last_observed_checksum: c329b31b648e6f34621abc5cb53137a249e0bf9ce78ae47671455261475e94e5
  last_blocked_at: null
  blocked_count: 0
  contribution:
    eligible: true
    mode: selective
    reviewed: false
    proposed: false
    last_proposed_at: null
  relations:
    depends_on:
    - spec.universal-domains.product-and-requirements.problem-definition
    sync_targets: []
  notes: ''
- asset_id: spec.universal-domains.product-and-requirements.prd-documentation-developer-facing
  type: spec
  source_path: specs/universal-domains/product-and-requirements/prd-documentation-developer-facing
  target_path: .trellis/spec/universal-domains/product-and-requirements/prd-documentation-developer-facing
  import_mode: directory
  source_version: 1.1.0
  source_checksum: 4dfabac92b4fa0a6d0f6ee6bfe4608d3d73765243d284398bdb4503b5a157c9e
  imported_at: '2026-04-02T16:42:29+08:00'
  upstream_sync: follow-upstream
  local_state: clean
  last_local_scan_at: null
  last_local_checksum: 4dfabac92b4fa0a6d0f6ee6bfe4608d3d73765243d284398bdb4503b5a157c9e
  last_observed_checksum: 4dfabac92b4fa0a6d0f6ee6bfe4608d3d73765243d284398bdb4503b5a157c9e
  last_blocked_at: null
  blocked_count: 0
  contribution:
    eligible: true
    mode: selective
    reviewed: false
    proposed: false
    last_proposed_at: null
  relations:
    depends_on:
    - spec.universal-domains.product-and-requirements.prd-documentation
    - spec.universal-domains.product-and-requirements.acceptance-criteria
    - spec.universal-domains.architecture.system-boundaries
    sync_targets: []
  notes: ''
- asset_id: template.universal-domains.product-and-requirements.acceptance-criteria-template
  type: template
  source_path: templates/universal-domains/product-and-requirements/acceptance-criteria-template.md
  target_path: .trellis/templates/universal-domains/product-and-requirements/acceptance-criteria-template.md
  import_mode: file
  source_version: 1.0.0
  source_checksum: 2589bc288573961089c917635dd87ecebdf0a725c1cad97e73051f005ceb4ddb
  imported_at: '2026-04-02T16:42:29+08:00'
  upstream_sync: follow-upstream
  local_state: clean
  last_local_scan_at: null
  last_local_checksum: 2589bc288573961089c917635dd87ecebdf0a725c1cad97e73051f005ceb4ddb
  last_observed_checksum: 2589bc288573961089c917635dd87ecebdf0a725c1cad97e73051f005ceb4ddb
  last_blocked_at: null
  blocked_count: 0
  contribution:
    eligible: false
    mode: none
    reviewed: false
    proposed: false
    last_proposed_at: null
  relations:
    depends_on:
    - spec.universal-domains.product-and-requirements.acceptance-criteria
    sync_targets: []
  notes: ''
- asset_id: template.universal-domains.product-and-requirements.customer-facing-prd-template
  type: template
  source_path: templates/universal-domains/product-and-requirements/customer-facing-prd-template.md
  target_path: .trellis/templates/universal-domains/product-and-requirements/customer-facing-prd-template.md
  import_mode: file
  source_version: 1.0.0
  source_checksum: 3cec476e15a18f7d50be072c47da13e85d8648bfde8f74a50193f4a20bd231b2
  imported_at: '2026-04-02T16:42:29+08:00'
  upstream_sync: follow-upstream
  local_state: clean
  last_local_scan_at: null
  last_local_checksum: 3cec476e15a18f7d50be072c47da13e85d8648bfde8f74a50193f4a20bd231b2
  last_observed_checksum: 3cec476e15a18f7d50be072c47da13e85d8648bfde8f74a50193f4a20bd231b2
  last_blocked_at: null
  blocked_count: 0
  contribution:
    eligible: false
    mode: none
    reviewed: false
    proposed: false
    last_proposed_at: null
  relations:
    depends_on:
    - spec.universal-domains.product-and-requirements.prd-documentation-customer-facing
    - spec.universal-domains.product-and-requirements.acceptance-criteria
    sync_targets: []
  notes: ''
- asset_id: template.universal-domains.product-and-requirements.developer-facing-prd-template
  type: template
  source_path: templates/universal-domains/product-and-requirements/developer-facing-prd-template.md
  target_path: .trellis/templates/universal-domains/product-and-requirements/developer-facing-prd-template.md
  import_mode: file
  source_version: 1.0.0
  source_checksum: 32428e6020a34f25c8cf4913bb9dc23aea609a4b19fc4d31aa17dac2b77a8b59
  imported_at: '2026-04-02T16:42:29+08:00'
  upstream_sync: follow-upstream
  local_state: clean
  last_local_scan_at: null
  last_local_checksum: 32428e6020a34f25c8cf4913bb9dc23aea609a4b19fc4d31aa17dac2b77a8b59
  last_observed_checksum: 32428e6020a34f25c8cf4913bb9dc23aea609a4b19fc4d31aa17dac2b77a8b59
  last_blocked_at: null
  blocked_count: 0
  contribution:
    eligible: false
    mode: none
    reviewed: false
    proposed: false
    last_proposed_at: null
  relations:
    depends_on:
    - spec.universal-domains.product-and-requirements.prd-documentation-developer-facing
    - spec.universal-domains.product-and-requirements.acceptance-criteria
    sync_targets: []
  notes: ''
- asset_id: checklist.universal-domains.product-and-requirements.acceptance-quality-checklist
  type: checklist
  source_path: checklists/universal-domains/product-and-requirements/acceptance-quality-checklist.md
  target_path: .trellis/checklists/universal-domains/product-and-requirements/acceptance-quality-checklist.md
  import_mode: file
  source_version: 1.0.0
  source_checksum: 40d2d2d4253513faa0a78cdb49035141b08cc7b56fcb5e7b60f0239b9ede75d0
  imported_at: '2026-04-02T16:42:29+08:00'
  upstream_sync: follow-upstream
  local_state: clean
  last_local_scan_at: null
  last_local_checksum: 40d2d2d4253513faa0a78cdb49035141b08cc7b56fcb5e7b60f0239b9ede75d0
  last_observed_checksum: 40d2d2d4253513faa0a78cdb49035141b08cc7b56fcb5e7b60f0239b9ede75d0
  last_blocked_at: null
  blocked_count: 0
  contribution:
    eligible: false
    mode: none
    reviewed: false
    proposed: false
    last_proposed_at: null
  relations:
    depends_on:
    - spec.universal-domains.product-and-requirements.acceptance-criteria
    sync_targets: []
  notes: ''
- asset_id: checklist.universal-domains.product-and-requirements.customer-facing-prd-checklist
  type: checklist
  source_path: checklists/universal-domains/product-and-requirements/customer-facing-prd-checklist.md
  target_path: .trellis/checklists/universal-domains/product-and-requirements/customer-facing-prd-checklist.md
  import_mode: file
  source_version: 1.0.0
  source_checksum: 1b4d31e8d63f1a8f04b7063749454b63b1696b967bc7f3df4ede18653ab0f73d
  imported_at: '2026-04-02T16:42:29+08:00'
  upstream_sync: follow-upstream
  local_state: clean
  last_local_scan_at: null
  last_local_checksum: 1b4d31e8d63f1a8f04b7063749454b63b1696b967bc7f3df4ede18653ab0f73d
  last_observed_checksum: 1b4d31e8d63f1a8f04b7063749454b63b1696b967bc7f3df4ede18653ab0f73d
  last_blocked_at: null
  blocked_count: 0
  contribution:
    eligible: false
    mode: none
    reviewed: false
    proposed: false
    last_proposed_at: null
  relations:
    depends_on:
    - spec.universal-domains.product-and-requirements.prd-documentation-customer-facing
    - spec.universal-domains.product-and-requirements.acceptance-criteria
    sync_targets: []
  notes: ''
- asset_id: checklist.universal-domains.product-and-requirements.developer-facing-prd-checklist
  type: checklist
  source_path: checklists/universal-domains/product-and-requirements/developer-facing-prd-checklist.md
  target_path: .trellis/checklists/universal-domains/product-and-requirements/developer-facing-prd-checklist.md
  import_mode: file
  source_version: 1.0.0
  source_checksum: a41e2cedf06110b4488ed891da53a2b9a11be2d818b44dd9d12527d2b50d7591
  imported_at: '2026-04-02T16:42:29+08:00'
  upstream_sync: follow-upstream
  local_state: clean
  last_local_scan_at: null
  last_local_checksum: a41e2cedf06110b4488ed891da53a2b9a11be2d818b44dd9d12527d2b50d7591
  last_observed_checksum: a41e2cedf06110b4488ed891da53a2b9a11be2d818b44dd9d12527d2b50d7591
  last_blocked_at: null
  blocked_count: 0
  contribution:
    eligible: false
    mode: none
    reviewed: false
    proposed: false
    last_proposed_at: null
  relations:
    depends_on:
    - spec.universal-domains.product-and-requirements.prd-documentation-developer-facing
    - spec.universal-domains.product-and-requirements.acceptance-criteria
    sync_targets: []
  notes: ''
- asset_id: example.universal-domains.product-and-requirements.product-and-requirements-examples
  type: example
  source_path: examples/universal-domains/product-and-requirements
  target_path: .trellis/library-assets/examples/universal-domains/product-and-requirements
  import_mode: directory
  source_version: 1.0.0
  source_checksum: 55892eff8897cd07a74798c45d7af28e9e0528a7abd29b1c753bd7b5144d3d95
  imported_at: '2026-04-02T16:42:29+08:00'
  upstream_sync: follow-upstream
  local_state: clean
  last_local_scan_at: null
  last_local_checksum: ''
  last_observed_checksum: ''
  last_blocked_at: null
  blocked_count: 0
  contribution:
    eligible: false
    mode: none
    reviewed: false
    proposed: false
    last_proposed_at: null
  relations:
    depends_on:
    - spec.universal-domains.product-and-requirements.prd-documentation-customer-facing
    - spec.universal-domains.product-and-requirements.prd-documentation-developer-facing
    - template.universal-domains.product-and-requirements.customer-facing-prd-template
    - template.universal-domains.product-and-requirements.developer-facing-prd-template
    - checklist.universal-domains.product-and-requirements.customer-facing-prd-checklist
    - checklist.universal-domains.product-and-requirements.developer-facing-prd-checklist
    sync_targets: []
  notes: ''
- asset_id: spec.scenarios.discovery-and-planning.solution-comparison
  type: spec
  source_path: specs/scenarios/discovery-and-planning/solution-comparison
  target_path: .trellis/spec/scenarios/discovery-and-planning/solution-comparison
  import_mode: directory
  source_version: 1.0.0
  source_checksum: e95542c8c395066ab344d10f2fa7177db10451075bd0b5093f74a8c8ff2437fe
  imported_at: '2026-04-02T16:42:29+08:00'
  upstream_sync: follow-upstream
  local_state: clean
  last_local_scan_at: null
  last_local_checksum: e95542c8c395066ab344d10f2fa7177db10451075bd0b5093f74a8c8ff2437fe
  last_observed_checksum: e95542c8c395066ab344d10f2fa7177db10451075bd0b5093f74a8c8ff2437fe
  last_blocked_at: null
  blocked_count: 0
  contribution:
    eligible: true
    mode: selective
    reviewed: false
    proposed: false
    last_proposed_at: null
  relations:
    depends_on:
    - spec.universal-domains.product-and-requirements.problem-definition
    - spec.universal-domains.product-and-requirements.requirement-clarification
    sync_targets: []
  notes: ''
- asset_id: example.assembled-packs.requirements-discovery-foundation
  type: example
  source_path: examples/assembled-packs/requirements-discovery-foundation.md
  target_path: .trellis/library-assets/examples/assembled-packs/requirements-discovery-foundation.md
  import_mode: file
  source_version: 1.0.0
  source_checksum: 975e4ac226209f12aa528c32b57d6511529ef610efd09f725ac6de2fb8eee848
  imported_at: '2026-04-02T16:42:29+08:00'
  upstream_sync: follow-upstream
  local_state: clean
  last_local_scan_at: null
  last_local_checksum: ''
  last_observed_checksum: ''
  last_blocked_at: null
  blocked_count: 0
  contribution:
    eligible: false
    mode: none
    reviewed: false
    proposed: false
    last_proposed_at: null
  relations:
    depends_on:
    - spec.universal-domains.product-and-requirements.problem-definition
    - spec.universal-domains.product-and-requirements.scope-boundary
    - spec.universal-domains.product-and-requirements.requirement-clarification
    - spec.universal-domains.product-and-requirements.acceptance-criteria
    - spec.scenarios.discovery-and-planning.solution-comparison
    sync_targets: []
  notes: ''
compiled:
  enabled: false
  last_built_at: null
  outputs: []
sync:
  last_sync_at: null
  last_sync_status: never
  last_diff_at: null
  last_diff_status: never
  local_overrides: []
history: []
